// !$*UTF8*$!
{
	archiveVersion = 1;
	classes = {
	};
	objectVersion = 45;
	objects = {

/* Begin PBXAggregateTarget section */
		3FCE30B543A68120023AF2F4 /* All */ = {
			isa = PBXAggregateTarget;
			buildConfigurationList = E7E18D28541665E881188B0B /* Build configuration list for PBXAggregateTarget "All" */;
			buildPhases = (
			);
			dependencies = (
				3A68F898158B5C0257036391 /* PBXTargetDependency */,
				6F476C59E3EEEA35D9D394F2 /* PBXTargetDependency */,
			);
			name = All;
			productName = All;
		};
/* End PBXAggregateTarget section */

/* Begin PBXBuildFile section */
		4EEF92A79C1668B3B704E52B /* libwebrtc_vplib.a in Frameworks */ = {isa = PBXBuildFile; fileRef = 0AB42578C714E8D75CAFAA18 /* libwebrtc_vplib.a */; };
		7882F0808290E500F4846800 /* vplib.cc in Sources */ = {isa = PBXBuildFile; fileRef = F7D5355CDD9AB16001DBACF4 /* vplib.cc */; };
		8908ADA60C488C1398FDEEC6 /* interpolator.cc in Sources */ = {isa = PBXBuildFile; fileRef = A60087AFA27AB822A260E341 /* interpolator.cc */; };
		A0A9BE52F552CE710CA3A865 /* interpolation_test.cc in Sources */ = {isa = PBXBuildFile; fileRef = C4979246653885246E82727D /* interpolation_test.cc */; };
		B6F9405E4DA8D759F455899F /* convert_test.cc in Sources */ = {isa = PBXBuildFile; fileRef = 8CB9107993EE587B6E1C723E /* convert_test.cc */; };
		C15BEBB861E3268F1E6A1ADB /* scale_test.cc in Sources */ = {isa = PBXBuildFile; fileRef = 3451889E38F645BA267C83AF /* scale_test.cc */; };
		D659F7B82FA9951F48DD296F /* tester_main.cc in Sources */ = {isa = PBXBuildFile; fileRef = EA2C2C7A3ACA1BD04B5B1CCD /* tester_main.cc */; };
		F1C509C2B493719156D4E52F /* scale_bilinear_yuv.cc in Sources */ = {isa = PBXBuildFile; fileRef = DAC3346E94F372F44C1DB5F6 /* scale_bilinear_yuv.cc */; };
/* End PBXBuildFile section */

/* Begin PBXContainerItemProxy section */
		1F35DAAF6BB833113E71658B /* PBXContainerItemProxy */ = {
			isa = PBXContainerItemProxy;
			containerPortal = 0D00AA2AF0D63B4BFF818F59 /* Project object */;
			proxyType = 1;
			remoteGlobalIDString = 1D4F10A67011C9A0C2771DC0;
			remoteInfo = vplib_test;
		};
		B3754CDA8B1B4D03F462DB4C /* PBXContainerItemProxy */ = {
			isa = PBXContainerItemProxy;
			containerPortal = 0D00AA2AF0D63B4BFF818F59 /* Project object */;
			proxyType = 1;
			remoteGlobalIDString = A90C38EB85BBCA777F09AE0D;
			remoteInfo = webrtc_vplib;
		};
		C8792A24967E89AAF5271A09 /* PBXContainerItemProxy */ = {
			isa = PBXContainerItemProxy;
			containerPortal = 0D00AA2AF0D63B4BFF818F59 /* Project object */;
			proxyType = 1;
			remoteGlobalIDString = A90C38EB85BBCA777F09AE0D;
			remoteInfo = webrtc_vplib;
		};
/* End PBXContainerItemProxy section */

/* Begin PBXFileReference section */
		0AB42578C714E8D75CAFAA18 /* libwebrtc_vplib.a */ = {isa = PBXFileReference; explicitFileType = archive.ar; includeInIndex = 0; path = libwebrtc_vplib.a; sourceTree = BUILT_PRODUCTS_DIR; };
		0B0B32CEC30D689E33A64324 /* common.gypi */ = {isa = PBXFileReference; lastKnownFileType = text; name = common.gypi; path = ../../../../build/common.gypi; sourceTree = "<group>"; };
		2CBF6FDBAB4DE3CF31B6BD2B /* scale_bilinear_yuv.h */ = {isa = PBXFileReference; lastKnownFileType = sourcecode.c.h; path = scale_bilinear_yuv.h; sourceTree = "<group>"; };
		305A2B84A2D977463F7574E7 /* conversion_tables.h */ = {isa = PBXFileReference; lastKnownFileType = sourcecode.c.h; path = conversion_tables.h; sourceTree = "<group>"; };
		3451889E38F645BA267C83AF /* scale_test.cc */ = {isa = PBXFileReference; lastKnownFileType = sourcecode.cpp.cpp; path = scale_test.cc; sourceTree = "<group>"; };
		3C27F2EDC19321B23B893687 /* release_defaults.gypi */ = {isa = PBXFileReference; lastKnownFileType = text; name = release_defaults.gypi; path = ../../../../../build/internal/release_defaults.gypi; sourceTree = "<group>"; };
		4370262DA151E3E76C3D8F94 /* vplib_test */ = {isa = PBXFileReference; explicitFileType = "compiled.mach-o.executable"; includeInIndex = 0; path = vplib_test; sourceTree = BUILT_PRODUCTS_DIR; };
		4662A1C4DD313F4FD35086B6 /* test_util.h */ = {isa = PBXFileReference; lastKnownFileType = sourcecode.c.h; path = test_util.h; sourceTree = "<group>"; };
		66814F83F693C2442BCE9B53 /* common_settings.gypi */ = {isa = PBXFileReference; lastKnownFileType = text; name = common_settings.gypi; path = ../../../../common_settings.gypi; sourceTree = "<group>"; };
		71F801CC794D50AE77EE57BB /* release_impl_official.gypi */ = {isa = PBXFileReference; lastKnownFileType = text; name = release_impl_official.gypi; path = ../../../../../build/internal/release_impl_official.gypi; sourceTree = "<group>"; };
		8CB9107993EE587B6E1C723E /* convert_test.cc */ = {isa = PBXFileReference; lastKnownFileType = sourcecode.cpp.cpp; path = convert_test.cc; sourceTree = "<group>"; };
		A60087AFA27AB822A260E341 /* interpolator.cc */ = {isa = PBXFileReference; lastKnownFileType = sourcecode.cpp.cpp; path = interpolator.cc; sourceTree = "<group>"; };
		A78E346EAE8B6BFE37EB9882 /* interpolator.h */ = {isa = PBXFileReference; lastKnownFileType = sourcecode.c.h; path = interpolator.h; sourceTree = "<group>"; };
		A8DD6E02F868ED8141A0F7EC /* vplib.gyp */ = {isa = PBXFileReference; lastKnownFileType = text; path = vplib.gyp; sourceTree = "<group>"; };
		B1CDCED2DC8DB95C51D41D9A /* vplib.h */ = {isa = PBXFileReference; lastKnownFileType = sourcecode.c.h; path = vplib.h; sourceTree = "<group>"; };
		B1F63AAF5A65F41EFF55A013 /* supplement.gypi */ = {isa = PBXFileReference; lastKnownFileType = text; name = supplement.gypi; path = ../../../../supplement.gypi; sourceTree = "<group>"; };
		C4979246653885246E82727D /* interpolation_test.cc */ = {isa = PBXFileReference; lastKnownFileType = sourcecode.cpp.cpp; path = interpolation_test.cc; sourceTree = "<group>"; };
		D18C5749DE453E53F1050359 /* common.gypi */ = {isa = PBXFileReference; lastKnownFileType = text; name = common.gypi; path = ../../../../../build/common.gypi; sourceTree = "<group>"; };
		DAC3346E94F372F44C1DB5F6 /* scale_bilinear_yuv.cc */ = {isa = PBXFileReference; lastKnownFileType = sourcecode.cpp.cpp; path = scale_bilinear_yuv.cc; sourceTree = "<group>"; };
		EA2C2C7A3ACA1BD04B5B1CCD /* tester_main.cc */ = {isa = PBXFileReference; lastKnownFileType = sourcecode.cpp.cpp; path = tester_main.cc; sourceTree = "<group>"; };
		F42FC2413A40EB19C0D7EA56 /* release_impl.gypi */ = {isa = PBXFileReference; lastKnownFileType = text; name = release_impl.gypi; path = ../../../../../build/internal/release_impl.gypi; sourceTree = "<group>"; };
		F7D5355CDD9AB16001DBACF4 /* vplib.cc */ = {isa = PBXFileReference; lastKnownFileType = sourcecode.cpp.cpp; path = vplib.cc; sourceTree = "<group>"; };
		FA7337AA5EE2003783104362 /* release.gypi */ = {isa = PBXFileReference; lastKnownFileType = text; name = release.gypi; path = ../../../../../build/release.gypi; sourceTree = "<group>"; };
/* End PBXFileReference section */

/* Begin PBXFrameworksBuildPhase section */
		7E5EE4EC5271319F9549106A /* Frameworks */ = {
			isa = PBXFrameworksBuildPhase;
			buildActionMask = 2147483647;
			files = (
				4EEF92A79C1668B3B704E52B /* libwebrtc_vplib.a in Frameworks */,
			);
			runOnlyForDeploymentPostprocessing = 0;
		};
		CA8B8B2B422A1E9FB2DA2A35 /* Frameworks */ = {
			isa = PBXFrameworksBuildPhase;
			buildActionMask = 2147483647;
			files = (
			);
			runOnlyForDeploymentPostprocessing = 0;
		};
/* End PBXFrameworksBuildPhase section */

/* Begin PBXGroup section */
		03D854051E44CE161FCC1D5D /* .. */ = {
			isa = PBXGroup;
			children = (
				5B55D5B17EFB317E1FF69737 /* interface */,
				E8B7FF9307939A87148E7CFE /* test */,
			);
			path = ..;
			sourceTree = "<group>";
		};
		164FC9AF115F75562C466A29 /* Products */ = {
			isa = PBXGroup;
			children = (
				0AB42578C714E8D75CAFAA18 /* libwebrtc_vplib.a */,
				4370262DA151E3E76C3D8F94 /* vplib_test */,
			);
			name = Products;
			sourceTree = "<group>";
		};
		5B55D5B17EFB317E1FF69737 /* interface */ = {
			isa = PBXGroup;
			children = (
				A78E346EAE8B6BFE37EB9882 /* interpolator.h */,
				B1CDCED2DC8DB95C51D41D9A /* vplib.h */,
			);
			path = interface;
			sourceTree = "<group>";
		};
		B163DF0EA245CEFDFEB6DCF0 /* Source */ = {
			isa = PBXGroup;
			children = (
				03D854051E44CE161FCC1D5D /* .. */,
				305A2B84A2D977463F7574E7 /* conversion_tables.h */,
				A60087AFA27AB822A260E341 /* interpolator.cc */,
				DAC3346E94F372F44C1DB5F6 /* scale_bilinear_yuv.cc */,
				2CBF6FDBAB4DE3CF31B6BD2B /* scale_bilinear_yuv.h */,
				F7D5355CDD9AB16001DBACF4 /* vplib.cc */,
			);
			name = Source;
			sourceTree = "<group>";
		};
		B3F5434C033423ACC895A642 /* Build */ = {
			isa = PBXGroup;
			children = (
				D18C5749DE453E53F1050359 /* common.gypi */,
				0B0B32CEC30D689E33A64324 /* common.gypi */,
				66814F83F693C2442BCE9B53 /* common_settings.gypi */,
				FA7337AA5EE2003783104362 /* release.gypi */,
				3C27F2EDC19321B23B893687 /* release_defaults.gypi */,
				F42FC2413A40EB19C0D7EA56 /* release_impl.gypi */,
				71F801CC794D50AE77EE57BB /* release_impl_official.gypi */,
				B1F63AAF5A65F41EFF55A013 /* supplement.gypi */,
				A8DD6E02F868ED8141A0F7EC /* vplib.gyp */,
			);
			name = Build;
			sourceTree = "<group>";
		};
		E8B7FF9307939A87148E7CFE /* test */ = {
			isa = PBXGroup;
			children = (
				8CB9107993EE587B6E1C723E /* convert_test.cc */,
				C4979246653885246E82727D /* interpolation_test.cc */,
				3451889E38F645BA267C83AF /* scale_test.cc */,
				4662A1C4DD313F4FD35086B6 /* test_util.h */,
				EA2C2C7A3ACA1BD04B5B1CCD /* tester_main.cc */,
			);
			path = test;
			sourceTree = "<group>";
		};
		F819F1A1E84E67E7C40B43E3 = {
			isa = PBXGroup;
			children = (
				B163DF0EA245CEFDFEB6DCF0 /* Source */,
				164FC9AF115F75562C466A29 /* Products */,
				B3F5434C033423ACC895A642 /* Build */,
			);
			sourceTree = "<group>";
		};
/* End PBXGroup section */

/* Begin PBXNativeTarget section */
		1D4F10A67011C9A0C2771DC0 /* vplib_test */ = {
			isa = PBXNativeTarget;
			buildConfigurationList = 8EABCD5F5B53591D60742CEF /* Build configuration list for PBXNativeTarget "vplib_test" */;
			buildPhases = (
				68BF3A7840704B4D7109F079 /* Sources */,
				7E5EE4EC5271319F9549106A /* Frameworks */,
				05FB94C3FFB335D7B3F222BF /* Postbuild "Strip If Needed" */,
			);
			buildRules = (
			);
			dependencies = (
				B670D94629BFD4FAF7A7EF81 /* PBXTargetDependency */,
			);
			name = vplib_test;
			productName = vplib_test;
			productReference = 4370262DA151E3E76C3D8F94 /* vplib_test */;
			productType = "com.apple.product-type.tool";
		};
		A90C38EB85BBCA777F09AE0D /* webrtc_vplib */ = {
			isa = PBXNativeTarget;
			buildConfigurationList = 08B806ECDAE31053C3B7297B /* Build configuration list for PBXNativeTarget "webrtc_vplib" */;
			buildPhases = (
				9473B98CDA3863FE8CD6DFF9 /* Sources */,
				CA8B8B2B422A1E9FB2DA2A35 /* Frameworks */,
			);
			buildRules = (
			);
			dependencies = (
			);
			name = webrtc_vplib;
			productName = webrtc_vplib;
			productReference = 0AB42578C714E8D75CAFAA18 /* libwebrtc_vplib.a */;
			productType = "com.apple.product-type.library.static";
		};
/* End PBXNativeTarget section */

/* Begin PBXProject section */
		0D00AA2AF0D63B4BFF818F59 /* Project object */ = {
			isa = PBXProject;
			attributes = {
				BuildIndependentTargetsInParallel = YES;
			};
			buildConfigurationList = 2878720C382D2C50C74B416B /* Build configuration list for PBXProject "vplib" */;
			compatibilityVersion = "Xcode 3.1";
			developmentRegion = English;
			hasScannedForEncodings = 1;
			knownRegions = (
				en,
			);
			mainGroup = F819F1A1E84E67E7C40B43E3;
			projectDirPath = "";
			projectRoot = "";
			targets = (
				3FCE30B543A68120023AF2F4 /* All */,
				A90C38EB85BBCA777F09AE0D /* webrtc_vplib */,
				1D4F10A67011C9A0C2771DC0 /* vplib_test */,
			);
		};
/* End PBXProject section */

/* Begin PBXShellScriptBuildPhase section */
		05FB94C3FFB335D7B3F222BF /* Postbuild "Strip If Needed" */ = {
			isa = PBXShellScriptBuildPhase;
			buildActionMask = 2147483647;
			files = (
			);
			inputPaths = (
				"$(BUILT_PRODUCTS_DIR)/$(EXECUTABLE_PATH)",
			);
			name = "Postbuild \"Strip If Needed\"";
			outputPaths = (
			);
			runOnlyForDeploymentPostprocessing = 0;
			shellPath = /bin/sh;
			shellScript = "exec ../../../../../build/mac/strip_from_xcode\nexit 1\n";
			showEnvVarsInLog = 0;
		};
/* End PBXShellScriptBuildPhase section */

/* Begin PBXSourcesBuildPhase section */
		68BF3A7840704B4D7109F079 /* Sources */ = {
			isa = PBXSourcesBuildPhase;
			buildActionMask = 2147483647;
			files = (
				D659F7B82FA9951F48DD296F /* tester_main.cc in Sources */,
				C15BEBB861E3268F1E6A1ADB /* scale_test.cc in Sources */,
				B6F9405E4DA8D759F455899F /* convert_test.cc in Sources */,
				A0A9BE52F552CE710CA3A865 /* interpolation_test.cc in Sources */,
			);
			runOnlyForDeploymentPostprocessing = 0;
		};
		9473B98CDA3863FE8CD6DFF9 /* Sources */ = {
			isa = PBXSourcesBuildPhase;
			buildActionMask = 2147483647;
			files = (
				7882F0808290E500F4846800 /* vplib.cc in Sources */,
				8908ADA60C488C1398FDEEC6 /* interpolator.cc in Sources */,
				F1C509C2B493719156D4E52F /* scale_bilinear_yuv.cc in Sources */,
			);
			runOnlyForDeploymentPostprocessing = 0;
		};
/* End PBXSourcesBuildPhase section */

/* Begin PBXTargetDependency section */
		3A68F898158B5C0257036391 /* PBXTargetDependency */ = {
			isa = PBXTargetDependency;
			target = A90C38EB85BBCA777F09AE0D /* webrtc_vplib */;
			targetProxy = B3754CDA8B1B4D03F462DB4C /* PBXContainerItemProxy */;
		};
		6F476C59E3EEEA35D9D394F2 /* PBXTargetDependency */ = {
			isa = PBXTargetDependency;
			target = 1D4F10A67011C9A0C2771DC0 /* vplib_test */;
			targetProxy = 1F35DAAF6BB833113E71658B /* PBXContainerItemProxy */;
		};
		B670D94629BFD4FAF7A7EF81 /* PBXTargetDependency */ = {
			isa = PBXTargetDependency;
			target = A90C38EB85BBCA777F09AE0D /* webrtc_vplib */;
			targetProxy = C8792A24967E89AAF5271A09 /* PBXContainerItemProxy */;
		};
/* End PBXTargetDependency section */

/* Begin XCBuildConfiguration section */
		01507254A4B28703262515EB /* Release */ = {
			isa = XCBuildConfiguration;
			buildSettings = {
				ALWAYS_SEARCH_USER_PATHS = NO;
				DEAD_CODE_STRIPPING = YES;
				EXECUTABLE_PREFIX = "";
				GCC_CW_ASM_SYNTAX = NO;
				GCC_C_LANGUAGE_STANDARD = c99;
				GCC_DYNAMIC_NO_PIC = NO;
				GCC_ENABLE_CPP_EXCEPTIONS = NO;
				GCC_ENABLE_CPP_RTTI = NO;
				GCC_ENABLE_PASCAL_STRINGS = NO;
				GCC_INLINES_ARE_PRIVATE_EXTERN = YES;
				GCC_OBJC_CALL_CXX_CDTORS = YES;
				GCC_OPTIMIZATION_LEVEL = 3;
				GCC_PRECOMPILE_PREFIX_HEADER = YES;
				GCC_PREPROCESSOR_DEFINITIONS = (
					"\"CHROMIUM_BUILD\"",
					"\"ENABLE_REMOTING=1\"",
					"\"ENABLE_P2P_APIS=1\"",
					"\"ENABLE_CONFIGURATION_POLICY\"",
					"\"ENABLE_GPU=1\"",
					"\"ENABLE_EGLIMAGE=1\"",
					"\"ENABLE_REGISTER_PROTOCOL_HANDLER=1\"",
					"\"WEBRTC_TARGET_MAC_INTEL\"",
					"\"WEBRTC_MAC_INTEL\"",
					"\"WEBRTC_MAC\"",
					"\"WEBRTC_THREAD_RR\"",
					"\"WEBRTC_CLOCK_TYPE_REALTIME\"",
					"\"__STDC_FORMAT_MACROS\"",
					"\"NDEBUG\"",
					"\"NVALGRIND\"",
					"\"DYNAMIC_ANNOTATIONS_ENABLED=0\"",
				);
				GCC_SYMBOLS_PRIVATE_EXTERN = YES;
				GCC_THREADSAFE_STATICS = NO;
				GCC_TREAT_WARNINGS_AS_ERRORS = NO;
				GCC_VERSION = 4.2;
				GCC_WARN_ABOUT_MISSING_NEWLINE = YES;
				HEADER_SEARCH_PATHS = (
					../../../..,
					../../../../..,
					../interface,
					../source,
				);
				MACOSX_DEPLOYMENT_TARGET = 10.6;
				OTHER_CFLAGS = "-fno-strict-aliasing";
				OTHER_LDFLAGS = (
					"-Wl,-search_paths_first",
					"-Wl,-pie",
				);
				PREBINDING = NO;
				PRODUCT_NAME = vplib_test;
				USE_HEADERMAP = NO;
				WARNING_CFLAGS = (
					"-Wall",
					"-Wendif-labels",
					"-Wextra",
					"-Wno-unused-parameter",
					"-Wno-missing-field-initializers",
				);
			};
			name = Release;
		};
		11B8BFA82865D499E650AFB0 /* Debug */ = {
			isa = XCBuildConfiguration;
			buildSettings = {
				PRODUCT_NAME = All;
			};
			name = Debug;
		};
		20E00032203B77E6319CFFEF /* Release */ = {
			isa = XCBuildConfiguration;
			buildSettings = {
				ALWAYS_SEARCH_USER_PATHS = NO;
				DEAD_CODE_STRIPPING = YES;
				EXECUTABLE_PREFIX = lib;
				GCC_CW_ASM_SYNTAX = NO;
				GCC_C_LANGUAGE_STANDARD = c99;
				GCC_DYNAMIC_NO_PIC = NO;
				GCC_ENABLE_CPP_EXCEPTIONS = NO;
				GCC_ENABLE_CPP_RTTI = NO;
				GCC_ENABLE_PASCAL_STRINGS = NO;
				GCC_INLINES_ARE_PRIVATE_EXTERN = YES;
				GCC_OBJC_CALL_CXX_CDTORS = YES;
				GCC_OPTIMIZATION_LEVEL = 3;
				GCC_PRECOMPILE_PREFIX_HEADER = YES;
				GCC_PREPROCESSOR_DEFINITIONS = (
					"\"CHROMIUM_BUILD\"",
					"\"ENABLE_REMOTING=1\"",
					"\"ENABLE_P2P_APIS=1\"",
					"\"ENABLE_CONFIGURATION_POLICY\"",
					"\"ENABLE_GPU=1\"",
					"\"ENABLE_EGLIMAGE=1\"",
					"\"ENABLE_REGISTER_PROTOCOL_HANDLER=1\"",
					"\"WEBRTC_TARGET_MAC_INTEL\"",
					"\"WEBRTC_MAC_INTEL\"",
					"\"WEBRTC_MAC\"",
					"\"WEBRTC_THREAD_RR\"",
					"\"WEBRTC_CLOCK_TYPE_REALTIME\"",
					"\"__STDC_FORMAT_MACROS\"",
					"\"NDEBUG\"",
					"\"NVALGRIND\"",
					"\"DYNAMIC_ANNOTATIONS_ENABLED=0\"",
				);
				GCC_SYMBOLS_PRIVATE_EXTERN = YES;
				GCC_THREADSAFE_STATICS = NO;
				GCC_TREAT_WARNINGS_AS_ERRORS = NO;
				GCC_VERSION = com.apple.compilers.llvmgcc42;
				GCC_WARN_ABOUT_MISSING_NEWLINE = YES;
				HEADER_SEARCH_PATHS = (
					../../../..,
					../../../../..,
					../interface,
				);
				MACOSX_DEPLOYMENT_TARGET = 10.6;
				OTHER_CFLAGS = "-fno-strict-aliasing";
				PREBINDING = NO;
				PRODUCT_NAME = webrtc_vplib;
				USE_HEADERMAP = NO;
				WARNING_CFLAGS = (
					"-Wall",
					"-Wendif-labels",
					"-Wextra",
					"-Wno-unused-parameter",
					"-Wno-missing-field-initializers",
				);
			};
			name = Release;
		};
		6769E8C96BA16CEE0CE360A9 /* Debug */ = {
			isa = XCBuildConfiguration;
			buildSettings = {
				ALWAYS_SEARCH_USER_PATHS = NO;
				COPY_PHASE_STRIP = NO;
				EXECUTABLE_PREFIX = lib;
				GCC_CW_ASM_SYNTAX = NO;
				GCC_C_LANGUAGE_STANDARD = c99;
				GCC_DYNAMIC_NO_PIC = NO;
				GCC_ENABLE_CPP_EXCEPTIONS = NO;
				GCC_ENABLE_CPP_RTTI = NO;
				GCC_ENABLE_PASCAL_STRINGS = NO;
				GCC_INLINES_ARE_PRIVATE_EXTERN = YES;
				GCC_OBJC_CALL_CXX_CDTORS = YES;
				GCC_OPTIMIZATION_LEVEL = 0;
				GCC_PRECOMPILE_PREFIX_HEADER = YES;
				GCC_PREPROCESSOR_DEFINITIONS = (
					"\"CHROMIUM_BUILD\"",
					"\"ENABLE_REMOTING=1\"",
					"\"ENABLE_P2P_APIS=1\"",
					"\"ENABLE_CONFIGURATION_POLICY\"",
					"\"ENABLE_GPU=1\"",
					"\"ENABLE_EGLIMAGE=1\"",
					"\"ENABLE_REGISTER_PROTOCOL_HANDLER=1\"",
					"\"WEBRTC_TARGET_MAC_INTEL\"",
					"\"WEBRTC_MAC_INTEL\"",
					"\"WEBRTC_MAC\"",
					"\"WEBRTC_THREAD_RR\"",
					"\"WEBRTC_CLOCK_TYPE_REALTIME\"",
					"\"__STDC_FORMAT_MACROS\"",
					"\"DYNAMIC_ANNOTATIONS_ENABLED=1\"",
					"\"WTF_USE_DYNAMIC_ANNOTATIONS=1\"",
				);
				GCC_SYMBOLS_PRIVATE_EXTERN = YES;
				GCC_THREADSAFE_STATICS = NO;
				GCC_TREAT_WARNINGS_AS_ERRORS = NO;
				GCC_VERSION = com.apple.compilers.llvmgcc42;
				GCC_WARN_ABOUT_MISSING_NEWLINE = YES;
				HEADER_SEARCH_PATHS = (
					../../../..,
					../../../../..,
					../interface,
				);
				MACOSX_DEPLOYMENT_TARGET = 10.6;
				OTHER_CFLAGS = (
					"-fno-strict-aliasing",
					"-fstack-protector-all",
				);
				PREBINDING = NO;
				PRODUCT_NAME = webrtc_vplib;
				USE_HEADERMAP = NO;
				WARNING_CFLAGS = (
					"-Wall",
					"-Wendif-labels",
					"-Wextra",
					"-Wno-unused-parameter",
					"-Wno-missing-field-initializers",
				);
			};
			name = Debug;
		};
		7249C7173B4FCFCEB716F0E5 /* Release */ = {
			isa = XCBuildConfiguration;
			buildSettings = {
				INTERMEDIATE_DIR = "$(PROJECT_DERIVED_FILE_DIR)/$(CONFIGURATION)";
				SDKROOT = macosx10.6;
				SHARED_INTERMEDIATE_DIR = "$(SYMROOT)/DerivedSources/$(CONFIGURATION)";
				SYMROOT = ../../../../../xcodebuild;
			};
			name = Release;
		};
		757ECC9D3A261CD496E45451 /* Debug */ = {
			isa = XCBuildConfiguration;
			buildSettings = {
				INTERMEDIATE_DIR = "$(PROJECT_DERIVED_FILE_DIR)/$(CONFIGURATION)";
				SDKROOT = macosx10.6;
				SHARED_INTERMEDIATE_DIR = "$(SYMROOT)/DerivedSources/$(CONFIGURATION)";
				SYMROOT = ../../../../../xcodebuild;
			};
			name = Debug;
		};
		7EB764C7B51739DDFDA38D4C /* Release */ = {
			isa = XCBuildConfiguration;
			buildSettings = {
				PRODUCT_NAME = All;
			};
			name = Release;
		};
		815EBFCA0F42DDEE4BEBA3CA /* Debug */ = {
			isa = XCBuildConfiguration;
			buildSettings = {
				ALWAYS_SEARCH_USER_PATHS = NO;
				COPY_PHASE_STRIP = NO;
				EXECUTABLE_PREFIX = "";
				GCC_CW_ASM_SYNTAX = NO;
				GCC_C_LANGUAGE_STANDARD = c99;
				GCC_DYNAMIC_NO_PIC = NO;
				GCC_ENABLE_CPP_EXCEPTIONS = NO;
				GCC_ENABLE_CPP_RTTI = NO;
				GCC_ENABLE_PASCAL_STRINGS = NO;
				GCC_INLINES_ARE_PRIVATE_EXTERN = YES;
				GCC_OBJC_CALL_CXX_CDTORS = YES;
				GCC_OPTIMIZATION_LEVEL = 0;
				GCC_PRECOMPILE_PREFIX_HEADER = YES;
				GCC_PREPROCESSOR_DEFINITIONS = (
					"\"CHROMIUM_BUILD\"",
					"\"ENABLE_REMOTING=1\"",
					"\"ENABLE_P2P_APIS=1\"",
					"\"ENABLE_CONFIGURATION_POLICY\"",
					"\"ENABLE_GPU=1\"",
					"\"ENABLE_EGLIMAGE=1\"",
					"\"ENABLE_REGISTER_PROTOCOL_HANDLER=1\"",
					"\"WEBRTC_TARGET_MAC_INTEL\"",
					"\"WEBRTC_MAC_INTEL\"",
					"\"WEBRTC_MAC\"",
					"\"WEBRTC_THREAD_RR\"",
					"\"WEBRTC_CLOCK_TYPE_REALTIME\"",
					"\"__STDC_FORMAT_MACROS\"",
					"\"DYNAMIC_ANNOTATIONS_ENABLED=1\"",
					"\"WTF_USE_DYNAMIC_ANNOTATIONS=1\"",
				);
				GCC_SYMBOLS_PRIVATE_EXTERN = YES;
				GCC_THREADSAFE_STATICS = NO;
				GCC_TREAT_WARNINGS_AS_ERRORS = NO;
				GCC_VERSION = 4.2;
				GCC_WARN_ABOUT_MISSING_NEWLINE = YES;
				HEADER_SEARCH_PATHS = (
					../../../..,
					../../../../..,
					../interface,
					../source,
				);
				MACOSX_DEPLOYMENT_TARGET = 10.6;
				OTHER_CFLAGS = (
					"-fno-strict-aliasing",
					"-fstack-protector-all",
				);
				OTHER_LDFLAGS = (
					"-Wl,-search_paths_first",
					"-Wl,-pie",
				);
				PREBINDING = NO;
				PRODUCT_NAME = vplib_test;
				USE_HEADERMAP = NO;
				WARNING_CFLAGS = (
					"-Wall",
					"-Wendif-labels",
					"-Wextra",
					"-Wno-unused-parameter",
					"-Wno-missing-field-initializers",
				);
			};
			name = Debug;
		};
/* End XCBuildConfiguration section */

/* Begin XCConfigurationList section */
		08B806ECDAE31053C3B7297B /* Build configuration list for PBXNativeTarget "webrtc_vplib" */ = {
			isa = XCConfigurationList;
			buildConfigurations = (
				6769E8C96BA16CEE0CE360A9 /* Debug */,
				20E00032203B77E6319CFFEF /* Release */,
			);
			defaultConfigurationIsVisible = 1;
			defaultConfigurationName = Debug;
		};
		2878720C382D2C50C74B416B /* Build configuration list for PBXProject "vplib" */ = {
			isa = XCConfigurationList;
			buildConfigurations = (
				757ECC9D3A261CD496E45451 /* Debug */,
				7249C7173B4FCFCEB716F0E5 /* Release */,
			);
			defaultConfigurationIsVisible = 1;
			defaultConfigurationName = Debug;
		};
		8EABCD5F5B53591D60742CEF /* Build configuration list for PBXNativeTarget "vplib_test" */ = {
			isa = XCConfigurationList;
			buildConfigurations = (
				815EBFCA0F42DDEE4BEBA3CA /* Debug */,
				01507254A4B28703262515EB /* Release */,
			);
			defaultConfigurationIsVisible = 1;
			defaultConfigurationName = Debug;
		};
		E7E18D28541665E881188B0B /* Build configuration list for PBXAggregateTarget "All" */ = {
			isa = XCConfigurationList;
			buildConfigurations = (
				11B8BFA82865D499E650AFB0 /* Debug */,
				7EB764C7B51739DDFDA38D4C /* Release */,
			);
			defaultConfigurationIsVisible = 1;
			defaultConfigurationName = Debug;
		};
/* End XCConfigurationList section */
	};
	rootObject = 0D00AA2AF0D63B4BFF818F59 /* Project object */;
}
