// !$*UTF8*$!
{
	archiveVersion = 1;
	classes = {
	};
	objectVersion = 46;
	objects = {

/* Begin PBXFileReference section */
		00BF522913FCF838002E9EB5 /* libhfwrapper.a */ = {isa = PBXFileReference; explicitFileType = archive.ar; includeInIndex = 0; path = libhfwrapper.a; sourceTree = BUILT_PRODUCTS_DIR; };
/* End PBXFileReference section */

/* Begin PBXFrameworksBuildPhase section */
		00BF522613FCF838002E9EB5 /* Frameworks */ = {
			isa = PBXFrameworksBuildPhase;
			buildActionMask = 2147483647;
			files = (
			);
			runOnlyForDeploymentPostprocessing = 0;
		};
/* End PBXFrameworksBuildPhase section */

/* Begin PBXGroup section */
		00BF521E13FCF838002E9EB5 = {
			isa = PBXGroup;
			children = (
				00BF523013FCF84E002E9EB5 /* hookflash */,
				00BF522A13FCF838002E9EB5 /* Products */,
			);
			sourceTree = "<group>";
		};
		00BF522A13FCF838002E9EB5 /* Products */ = {
			isa = PBXGroup;
			children = (
				00BF522913FCF838002E9EB5 /* libhfwrapper.a */,
			);
			name = Products;
			sourceTree = "<group>";
		};
		00BF523013FCF84E002E9EB5 /* hookflash */ = {
			isa = PBXGroup;
			children = (
			);
			name = hookflash;
			sourceTree = "<group>";
		};
/* End PBXGroup section */

/* Begin PBXHeadersBuildPhase section */
		00BF522713FCF838002E9EB5 /* Headers */ = {
			isa = PBXHeadersBuildPhase;
			buildActionMask = 2147483647;
			files = (
			);
			runOnlyForDeploymentPostprocessing = 0;
		};
/* End PBXHeadersBuildPhase section */

/* Begin PBXNativeTarget section */
		00BF522813FCF838002E9EB5 /* hfwrapper */ = {
			isa = PBXNativeTarget;
			buildConfigurationList = 00BF522D13FCF838002E9EB5 /* Build configuration list for PBXNativeTarget "hfwrapper" */;
			buildPhases = (
				00BF522513FCF838002E9EB5 /* Sources */,
				00BF522613FCF838002E9EB5 /* Frameworks */,
				00BF522713FCF838002E9EB5 /* Headers */,
			);
			buildRules = (
			);
			dependencies = (
			);
			name = hfwrapper;
			productName = hfwrapper;
			productReference = 00BF522913FCF838002E9EB5 /* libhfwrapper.a */;
			productType = "com.apple.product-type.library.static";
		};
/* End PBXNativeTarget section */

/* Begin PBXProject section */
		00BF522013FCF838002E9EB5 /* Project object */ = {
			isa = PBXProject;
			attributes = {
				LastUpgradeCheck = 0420;
			};
			buildConfigurationList = 00BF522313FCF838002E9EB5 /* Build configuration list for PBXProject "hfwrapper" */;
			compatibilityVersion = "Xcode 3.2";
			developmentRegion = English;
			hasScannedForEncodings = 0;
			knownRegions = (
				en,
			);
			mainGroup = 00BF521E13FCF838002E9EB5;
			productRefGroup = 00BF522A13FCF838002E9EB5 /* Products */;
			projectDirPath = "";
			projectRoot = "";
			targets = (
				00BF522813FCF838002E9EB5 /* hfwrapper */,
			);
		};
/* End PBXProject section */

/* Begin PBXSourcesBuildPhase section */
		00BF522513FCF838002E9EB5 /* Sources */ = {
			isa = PBXSourcesBuildPhase;
			buildActionMask = 2147483647;
			files = (
			);
			runOnlyForDeploymentPostprocessing = 0;
		};
/* End PBXSourcesBuildPhase section */

/* Begin XCBuildConfiguration section */
		00BF522B13FCF838002E9EB5 /* Debug */ = {
			isa = XCBuildConfiguration;
			buildSettings = {
				ARCHS = "$(ARCHS_STANDARD_32_64_BIT)";
				GCC_C_LANGUAGE_STANDARD = gnu99;
				GCC_OPTIMIZATION_LEVEL = 0;
				GCC_PREPROCESSOR_DEFINITIONS = DEBUG;
				GCC_SYMBOLS_PRIVATE_EXTERN = NO;
				GCC_VERSION = com.apple.compilers.llvm.clang.1_0;
				GCC_WARN_64_TO_32_BIT_CONVERSION = YES;
				GCC_WARN_ABOUT_RETURN_TYPE = YES;
				GCC_WARN_UNUSED_VARIABLE = YES;
				MACOSX_DEPLOYMENT_TARGET = 10.6;
				ONLY_ACTIVE_ARCH = YES;
				SDKROOT = macosx;
			};
			name = Debug;
		};
		00BF522C13FCF838002E9EB5 /* Release */ = {
			isa = XCBuildConfiguration;
			buildSettings = {
				ARCHS = "$(ARCHS_STANDARD_32_64_BIT)";
				GCC_C_LANGUAGE_STANDARD = gnu99;
				GCC_VERSION = com.apple.compilers.llvm.clang.1_0;
				GCC_WARN_64_TO_32_BIT_CONVERSION = YES;
				GCC_WARN_ABOUT_RETURN_TYPE = YES;
				GCC_WARN_UNUSED_VARIABLE = YES;
				MACOSX_DEPLOYMENT_TARGET = 10.6;
				SDKROOT = macosx;
			};
			name = Release;
		};
		00BF522E13FCF838002E9EB5 /* Debug */ = {
			isa = XCBuildConfiguration;
			buildSettings = {
				ALWAYS_SEARCH_USER_PATHS = NO;
				COPY_PHASE_STRIP = NO;
				EXECUTABLE_PREFIX = lib;
				GCC_DYNAMIC_NO_PIC = NO;
				GCC_ENABLE_OBJC_EXCEPTIONS = YES;
				PRODUCT_NAME = "$(TARGET_NAME)";
			};
			name = Debug;
		};
		00BF522F13FCF838002E9EB5 /* Release */ = {
			isa = XCBuildConfiguration;
			buildSettings = {
				ALWAYS_SEARCH_USER_PATHS = NO;
				COPY_PHASE_STRIP = YES;
				DEBUG_INFORMATION_FORMAT = "dwarf-with-dsym";
				EXECUTABLE_PREFIX = lib;
				GCC_ENABLE_OBJC_EXCEPTIONS = YES;
				PRODUCT_NAME = "$(TARGET_NAME)";
			};
			name = Release;
		};
/* End XCBuildConfiguration section */

/* Begin XCConfigurationList section */
		00BF522313FCF838002E9EB5 /* Build configuration list for PBXProject "hfwrapper" */ = {
			isa = XCConfigurationList;
			buildConfigurations = (
				00BF522B13FCF838002E9EB5 /* Debug */,
				00BF522C13FCF838002E9EB5 /* Release */,
			);
			defaultConfigurationIsVisible = 0;
			defaultConfigurationName = Release;
		};
		00BF522D13FCF838002E9EB5 /* Build configuration list for PBXNativeTarget "hfwrapper" */ = {
			isa = XCConfigurationList;
			buildConfigurations = (
				00BF522E13FCF838002E9EB5 /* Debug */,
				00BF522F13FCF838002E9EB5 /* Release */,
			);
			defaultConfigurationIsVisible = 0;
			defaultConfigurationName = Release;
		};
/* End XCConfigurationList section */
	};
	rootObject = 00BF522013FCF838002E9EB5 /* Project object */;
}
