<?xml version="1.0" encoding="utf-8"?><Project ToolsVersion="4.0" xmlns="http://schemas.microsoft.com/developer/msbuild/2003"><ItemGroup><Filter Include="audio_processing"><UniqueIdentifier>{56B88925-734A-08EA-8306-74393ACBB4AE}</UniqueIdentifier></Filter><Filter Include="audio_processing\test"><UniqueIdentifier>{5763B17F-46DA-9ED7-179F-9C9F273B791C}</UniqueIdentifier></Filter><Filter Include="$(OutDir)"><UniqueIdentifier>{ECA95933-7FA6-5798-4EC4-C0CAC6DD34DE}</UniqueIdentifier></Filter><Filter Include="$(OutDir)\_excluded_files"><UniqueIdentifier>{158E591E-B6EA-0C85-8F5A-18EAFA09B4CE}</UniqueIdentifier></Filter><Filter Include="$(OutDir)\pyproto"><UniqueIdentifier>{A5155811-51E5-1087-45BA-D2802E9B53B2}</UniqueIdentifier></Filter><Filter Include="$(OutDir)\pyproto\webrtc"><UniqueIdentifier>{543055F1-DB92-5041-CF1C-6916DDF7679F}</UniqueIdentifier></Filter><Filter Include="$(OutDir)\pyproto\webrtc\audio_processing"><UniqueIdentifier>{56B88925-734A-08EA-8306-74393ACBB4AE}</UniqueIdentifier></Filter><Filter Include="$(OutDir)\obj"><UniqueIdentifier>{87A48BF9-F199-AAF2-F5F8-C503C89A2795}</UniqueIdentifier></Filter><Filter Include="$(OutDir)\obj\global_intermediate"><UniqueIdentifier>{14CEDE64-16A7-96A9-EF19-5C5D6085FF18}</UniqueIdentifier></Filter><Filter Include="$(OutDir)\obj\global_intermediate\protoc_out"><UniqueIdentifier>{456EFA50-5ADA-2D4B-BB76-1BD6B9BCA3A4}</UniqueIdentifier></Filter><Filter Include="$(OutDir)\obj\global_intermediate\protoc_out\webrtc"><UniqueIdentifier>{543055F1-DB92-5041-CF1C-6916DDF7679F}</UniqueIdentifier></Filter><Filter Include="$(OutDir)\obj\global_intermediate\protoc_out\webrtc\audio_processing"><UniqueIdentifier>{56B88925-734A-08EA-8306-74393ACBB4AE}</UniqueIdentifier></Filter></ItemGroup><ItemGroup><None Include="modules.gyp"/><genproto Include="audio_processing\test\unittest.proto"><Filter>audio_processing\test</Filter></genproto><None Include="$(OutDir)\protoc.exe"><Filter>$(OutDir)\_excluded_files</Filter></None><None Include="$(OutDir)\pyproto\webrtc\audio_processing\unittest_pb2.py"><Filter>$(OutDir)\pyproto\webrtc\audio_processing</Filter></None><ClCompile Include="$(OutDir)\obj\global_intermediate\protoc_out\webrtc\audio_processing\unittest.pb.cc"><Filter>$(OutDir)\obj\global_intermediate\protoc_out\webrtc\audio_processing</Filter></ClCompile><ClInclude Include="$(OutDir)\obj\global_intermediate\protoc_out\webrtc\audio_processing\unittest.pb.h"><Filter>$(OutDir)\obj\global_intermediate\protoc_out\webrtc\audio_processing</Filter></ClInclude></ItemGroup></Project>