<?xml version="1.0" encoding="utf-8"?><Project ToolsVersion="4.0" xmlns="http://schemas.microsoft.com/developer/msbuild/2003"><ItemGroup><Filter Include="rtp_rtcp"><UniqueIdentifier>{9CD05236-6361-600F-6DD0-16DCB17A452F}</UniqueIdentifier></Filter><Filter Include="rtp_rtcp\test"><UniqueIdentifier>{5763B17F-46DA-9ED7-179F-9C9F273B791C}</UniqueIdentifier></Filter><Filter Include="rtp_rtcp\test\testFec"><UniqueIdentifier>{CA6B830A-46B2-9F38-65C7-DE145667B1D7}</UniqueIdentifier></Filter></ItemGroup><ItemGroup><None Include="modules.gyp"/><ClCompile Include="rtp_rtcp\test\testFec\test_fec.cc"><Filter>rtp_rtcp\test\testFec</Filter></ClCompile></ItemGroup></Project>