<?xml version="1.0" encoding="utf-8"?><Project ToolsVersion="4.0" xmlns="http://schemas.microsoft.com/developer/msbuild/2003"><ItemGroup><Filter Include="video_coding"><UniqueIdentifier>{1D88A297-44EE-A521-DC1A-E408035B4BC1}</UniqueIdentifier></Filter><Filter Include="video_coding\codecs"><UniqueIdentifier>{DC75C0D7-DB48-A303-557E-D64CDD91FAD5}</UniqueIdentifier></Filter><Filter Include="video_coding\codecs\vp8"><UniqueIdentifier>{A0F295BA-D737-445C-13DE-9E9F732861C8}</UniqueIdentifier></Filter><Filter Include="video_coding\codecs\vp8\main"><UniqueIdentifier>{4ECC9921-7D4B-15DC-E268-546157B2659F}</UniqueIdentifier></Filter><Filter Include="video_coding\codecs\vp8\main\test"><UniqueIdentifier>{5763B17F-46DA-9ED7-179F-9C9F273B791C}</UniqueIdentifier></Filter></ItemGroup><ItemGroup><None Include="modules.gyp"/><ClInclude Include="video_coding\codecs\vp8\main\test\normal_async_test.h"><Filter>video_coding\codecs\vp8\main\test</Filter></ClInclude><ClCompile Include="video_coding\codecs\vp8\main\test\benchmark.cc"><Filter>video_coding\codecs\vp8\main\test</Filter></ClCompile><ClInclude Include="video_coding\codecs\vp8\main\test\rps_test.h"><Filter>video_coding\codecs\vp8\main\test</Filter></ClInclude><ClCompile Include="video_coding\codecs\vp8\main\test\packet_loss_test.cc"><Filter>video_coding\codecs\vp8\main\test</Filter></ClCompile><ClInclude Include="video_coding\codecs\vp8\main\test\packet_loss_test.h"><Filter>video_coding\codecs\vp8\main\test</Filter></ClInclude><ClCompile Include="video_coding\codecs\vp8\main\test\tester.cc"><Filter>video_coding\codecs\vp8\main\test</Filter></ClCompile><ClCompile Include="video_coding\codecs\vp8\main\test\rps_test.cc"><Filter>video_coding\codecs\vp8\main\test</Filter></ClCompile><ClCompile Include="video_coding\codecs\vp8\main\test\dual_decoder_test.cc"><Filter>video_coding\codecs\vp8\main\test</Filter></ClCompile><ClInclude Include="video_coding\codecs\vp8\main\test\dual_decoder_test.h"><Filter>video_coding\codecs\vp8\main\test</Filter></ClInclude><ClInclude Include="video_coding\codecs\vp8\main\test\unit_test.h"><Filter>video_coding\codecs\vp8\main\test</Filter></ClInclude><ClCompile Include="video_coding\codecs\vp8\main\test\normal_async_test.cc"><Filter>video_coding\codecs\vp8\main\test</Filter></ClCompile><ClCompile Include="video_coding\codecs\vp8\main\test\unit_test.cc"><Filter>video_coding\codecs\vp8\main\test</Filter></ClCompile><ClInclude Include="video_coding\codecs\vp8\main\test\benchmark.h"><Filter>video_coding\codecs\vp8\main\test</Filter></ClInclude></ItemGroup></Project>