// !$*UTF8*$!
{
	archiveVersion = 1;
	classes = {
	};
	objectVersion = 45;
	objects = {

/* Begin PBXBuildFile section */
		4500EBB11F818A94FEB0C240 /* media_file_utility.cc in Sources */ = {isa = PBXBuildFile; fileRef = B10310C760701952E1E58208 /* media_file_utility.cc */; };
		55E04FCCF53D8BEB050DF178 /* media_file_impl.cc in Sources */ = {isa = PBXBuildFile; fileRef = CCBE6E38C0E8876F224AE228 /* media_file_impl.cc */; };
		564575748D7505D7CBBDC8A5 /* avi_file.cc in Sources */ = {isa = PBXBuildFile; fileRef = 8449D2303632C1307935EA93 /* avi_file.cc */; };
/* End PBXBuildFile section */

/* Begin PBXFileReference section */
		03700DC0ACF3595745BFBE92 /* media_file.gyp */ = {isa = PBXFileReference; lastKnownFileType = text; path = media_file.gyp; sourceTree = "<group>"; };
		15402D22CB77024A3217FB2F /* media_file_defines.h */ = {isa = PBXFileReference; lastKnownFileType = sourcecode.c.h; path = media_file_defines.h; sourceTree = "<group>"; };
		2928A2F5B03ED40BBAFC5B26 /* avi_file.h */ = {isa = PBXFileReference; lastKnownFileType = sourcecode.c.h; path = avi_file.h; sourceTree = "<group>"; };
		3BD8F317419A97A8279915B1 /* libmedia_file.a */ = {isa = PBXFileReference; explicitFileType = archive.ar; includeInIndex = 0; path = libmedia_file.a; sourceTree = BUILT_PRODUCTS_DIR; };
		415B89B32A3F1A09081FCBFC /* release_impl_official.gypi */ = {isa = PBXFileReference; lastKnownFileType = text; name = release_impl_official.gypi; path = ../../../../build/internal/release_impl_official.gypi; sourceTree = "<group>"; };
		8449D2303632C1307935EA93 /* avi_file.cc */ = {isa = PBXFileReference; lastKnownFileType = sourcecode.cpp.cpp; path = avi_file.cc; sourceTree = "<group>"; };
		84A2A595CFAEEFF29FBF561E /* supplement.gypi */ = {isa = PBXFileReference; lastKnownFileType = text; name = supplement.gypi; path = ../../../supplement.gypi; sourceTree = "<group>"; };
		8CFDA8535B2CAB1CE4EFE649 /* common_settings.gypi */ = {isa = PBXFileReference; lastKnownFileType = text; name = common_settings.gypi; path = ../../../common_settings.gypi; sourceTree = "<group>"; };
		8D35BFD65781CAE31FD089C3 /* release_defaults.gypi */ = {isa = PBXFileReference; lastKnownFileType = text; name = release_defaults.gypi; path = ../../../../build/internal/release_defaults.gypi; sourceTree = "<group>"; };
		906A4A3749D0AA737B9C2A69 /* common.gypi */ = {isa = PBXFileReference; lastKnownFileType = text; name = common.gypi; path = ../../../../build/common.gypi; sourceTree = "<group>"; };
		970FA7B23D55F033F627266E /* media_file_utility.h */ = {isa = PBXFileReference; lastKnownFileType = sourcecode.c.h; path = media_file_utility.h; sourceTree = "<group>"; };
		9738BE6F4D85C7756009B2ED /* common.gypi */ = {isa = PBXFileReference; lastKnownFileType = text; name = common.gypi; path = ../../../build/common.gypi; sourceTree = "<group>"; };
		B10310C760701952E1E58208 /* media_file_utility.cc */ = {isa = PBXFileReference; lastKnownFileType = sourcecode.cpp.cpp; path = media_file_utility.cc; sourceTree = "<group>"; };
		B1A4461CA3B8842E3AF1E8F0 /* media_file.h */ = {isa = PBXFileReference; lastKnownFileType = sourcecode.c.h; path = media_file.h; sourceTree = "<group>"; };
		C488EF5EF74C08B9336EDD59 /* media_file_impl.h */ = {isa = PBXFileReference; lastKnownFileType = sourcecode.c.h; path = media_file_impl.h; sourceTree = "<group>"; };
		CCBE6E38C0E8876F224AE228 /* media_file_impl.cc */ = {isa = PBXFileReference; lastKnownFileType = sourcecode.cpp.cpp; path = media_file_impl.cc; sourceTree = "<group>"; };
		D8D486CC4DBBD8976988880F /* release.gypi */ = {isa = PBXFileReference; lastKnownFileType = text; name = release.gypi; path = ../../../../build/release.gypi; sourceTree = "<group>"; };
		F17CC45174FB6A8396A8CA21 /* release_impl.gypi */ = {isa = PBXFileReference; lastKnownFileType = text; name = release_impl.gypi; path = ../../../../build/internal/release_impl.gypi; sourceTree = "<group>"; };
/* End PBXFileReference section */

/* Begin PBXFrameworksBuildPhase section */
		9BCC8BBA6855E4C0AC606592 /* Frameworks */ = {
			isa = PBXFrameworksBuildPhase;
			buildActionMask = 2147483647;
			files = (
			);
			runOnlyForDeploymentPostprocessing = 0;
		};
/* End PBXFrameworksBuildPhase section */

/* Begin PBXGroup section */
		1340C986E4213A406B991B8C /* Source */ = {
			isa = PBXGroup;
			children = (
				1C8BC3F0F0B845E64A369EA1 /* ../interface */,
				8449D2303632C1307935EA93 /* avi_file.cc */,
				2928A2F5B03ED40BBAFC5B26 /* avi_file.h */,
				CCBE6E38C0E8876F224AE228 /* media_file_impl.cc */,
				C488EF5EF74C08B9336EDD59 /* media_file_impl.h */,
				B10310C760701952E1E58208 /* media_file_utility.cc */,
				970FA7B23D55F033F627266E /* media_file_utility.h */,
			);
			name = Source;
			sourceTree = "<group>";
		};
		1C8BC3F0F0B845E64A369EA1 /* ../interface */ = {
			isa = PBXGroup;
			children = (
				B1A4461CA3B8842E3AF1E8F0 /* media_file.h */,
				15402D22CB77024A3217FB2F /* media_file_defines.h */,
			);
			path = ../interface;
			sourceTree = "<group>";
		};
		5244AFF8FE2CEB76CBA96C2F = {
			isa = PBXGroup;
			children = (
				1340C986E4213A406B991B8C /* Source */,
				C7D278F0338EC14DA84387E0 /* Products */,
				974CD293C6F1C767FE68A71A /* Build */,
			);
			sourceTree = "<group>";
		};
		974CD293C6F1C767FE68A71A /* Build */ = {
			isa = PBXGroup;
			children = (
				906A4A3749D0AA737B9C2A69 /* common.gypi */,
				9738BE6F4D85C7756009B2ED /* common.gypi */,
				8CFDA8535B2CAB1CE4EFE649 /* common_settings.gypi */,
				03700DC0ACF3595745BFBE92 /* media_file.gyp */,
				D8D486CC4DBBD8976988880F /* release.gypi */,
				8D35BFD65781CAE31FD089C3 /* release_defaults.gypi */,
				F17CC45174FB6A8396A8CA21 /* release_impl.gypi */,
				415B89B32A3F1A09081FCBFC /* release_impl_official.gypi */,
				84A2A595CFAEEFF29FBF561E /* supplement.gypi */,
			);
			name = Build;
			sourceTree = "<group>";
		};
		C7D278F0338EC14DA84387E0 /* Products */ = {
			isa = PBXGroup;
			children = (
				3BD8F317419A97A8279915B1 /* libmedia_file.a */,
			);
			name = Products;
			sourceTree = "<group>";
		};
/* End PBXGroup section */

/* Begin PBXNativeTarget section */
		9C0E18B734DB07BE447849AF /* media_file */ = {
			isa = PBXNativeTarget;
			buildConfigurationList = E633AC43C789D2D4FF254313 /* Build configuration list for PBXNativeTarget "media_file" */;
			buildPhases = (
				91DAEA7CD07E237C0CBE4CE0 /* Sources */,
				9BCC8BBA6855E4C0AC606592 /* Frameworks */,
			);
			buildRules = (
			);
			dependencies = (
			);
			name = media_file;
			productName = media_file;
			productReference = 3BD8F317419A97A8279915B1 /* libmedia_file.a */;
			productType = "com.apple.product-type.library.static";
		};
/* End PBXNativeTarget section */

/* Begin PBXProject section */
		4870622D68F2D8EEC1B7C7A9 /* Project object */ = {
			isa = PBXProject;
			attributes = {
				BuildIndependentTargetsInParallel = YES;
			};
			buildConfigurationList = 56775E8156B0C4AADDE6490C /* Build configuration list for PBXProject "media_file" */;
			compatibilityVersion = "Xcode 3.1";
			developmentRegion = English;
			hasScannedForEncodings = 1;
			knownRegions = (
				en,
			);
			mainGroup = 5244AFF8FE2CEB76CBA96C2F;
			projectDirPath = "";
			projectRoot = "";
			targets = (
				9C0E18B734DB07BE447849AF /* media_file */,
			);
		};
/* End PBXProject section */

/* Begin PBXSourcesBuildPhase section */
		91DAEA7CD07E237C0CBE4CE0 /* Sources */ = {
			isa = PBXSourcesBuildPhase;
			buildActionMask = 2147483647;
			files = (
				564575748D7505D7CBBDC8A5 /* avi_file.cc in Sources */,
				55E04FCCF53D8BEB050DF178 /* media_file_impl.cc in Sources */,
				4500EBB11F818A94FEB0C240 /* media_file_utility.cc in Sources */,
			);
			runOnlyForDeploymentPostprocessing = 0;
		};
/* End PBXSourcesBuildPhase section */

/* Begin XCBuildConfiguration section */
		56FEC924DE053CACD7E29E73 /* Release */ = {
			isa = XCBuildConfiguration;
			buildSettings = {
				INTERMEDIATE_DIR = "$(PROJECT_DERIVED_FILE_DIR)/$(CONFIGURATION)";
				SDKROOT = macosx10.6;
				SHARED_INTERMEDIATE_DIR = "$(SYMROOT)/DerivedSources/$(CONFIGURATION)";
				SYMROOT = ../../../../xcodebuild;
			};
			name = Release;
		};
		5A3CC9F8C1B01E273C44E79F /* Debug */ = {
			isa = XCBuildConfiguration;
			buildSettings = {
				ALWAYS_SEARCH_USER_PATHS = NO;
				COPY_PHASE_STRIP = NO;
				EXECUTABLE_PREFIX = lib;
				GCC_CW_ASM_SYNTAX = NO;
				GCC_C_LANGUAGE_STANDARD = c99;
				GCC_DYNAMIC_NO_PIC = NO;
				GCC_ENABLE_CPP_EXCEPTIONS = NO;
				GCC_ENABLE_CPP_RTTI = NO;
				GCC_ENABLE_PASCAL_STRINGS = NO;
				GCC_INLINES_ARE_PRIVATE_EXTERN = YES;
				GCC_OBJC_CALL_CXX_CDTORS = YES;
				GCC_OPTIMIZATION_LEVEL = 0;
				GCC_PRECOMPILE_PREFIX_HEADER = YES;
				GCC_PREPROCESSOR_DEFINITIONS = (
					"\"CHROMIUM_BUILD\"",
					"\"ENABLE_REMOTING=1\"",
					"\"ENABLE_P2P_APIS=1\"",
					"\"ENABLE_CONFIGURATION_POLICY\"",
					"\"ENABLE_GPU=1\"",
					"\"ENABLE_EGLIMAGE=1\"",
					"\"ENABLE_REGISTER_PROTOCOL_HANDLER=1\"",
					"\"WEBRTC_TARGET_MAC_INTEL\"",
					"\"WEBRTC_MAC_INTEL\"",
					"\"WEBRTC_MAC\"",
					"\"WEBRTC_THREAD_RR\"",
					"\"WEBRTC_CLOCK_TYPE_REALTIME\"",
					"\"WEBRTC_MODULE_UTILITY_VIDEO\"",
					"\"__STDC_FORMAT_MACROS\"",
					"\"DYNAMIC_ANNOTATIONS_ENABLED=1\"",
					"\"WTF_USE_DYNAMIC_ANNOTATIONS=1\"",
				);
				GCC_SYMBOLS_PRIVATE_EXTERN = YES;
				GCC_THREADSAFE_STATICS = NO;
				GCC_TREAT_WARNINGS_AS_ERRORS = NO;
				GCC_VERSION = com.apple.compilers.llvmgcc42;
				GCC_WARN_ABOUT_MISSING_NEWLINE = YES;
				HEADER_SEARCH_PATHS = (
					../../..,
					../../../..,
					../interface,
					../../interface,
					../../utility/interface,
					../../audio_coding/main/interface,
					../../../system_wrappers/interface,
				);
				MACOSX_DEPLOYMENT_TARGET = 10.6;
				OTHER_CFLAGS = (
					"-fno-strict-aliasing",
					"-fstack-protector-all",
				);
				PREBINDING = NO;
				PRODUCT_NAME = media_file;
				USE_HEADERMAP = NO;
				WARNING_CFLAGS = (
					"-Wall",
					"-Wendif-labels",
					"-Wextra",
					"-Wno-unused-parameter",
					"-Wno-missing-field-initializers",
				);
			};
			name = Debug;
		};
		93740D711242D3EB8EE99274 /* Release */ = {
			isa = XCBuildConfiguration;
			buildSettings = {
				ALWAYS_SEARCH_USER_PATHS = NO;
				DEAD_CODE_STRIPPING = YES;
				EXECUTABLE_PREFIX = lib;
				GCC_CW_ASM_SYNTAX = NO;
				GCC_C_LANGUAGE_STANDARD = c99;
				GCC_DYNAMIC_NO_PIC = NO;
				GCC_ENABLE_CPP_EXCEPTIONS = NO;
				GCC_ENABLE_CPP_RTTI = NO;
				GCC_ENABLE_PASCAL_STRINGS = NO;
				GCC_INLINES_ARE_PRIVATE_EXTERN = YES;
				GCC_OBJC_CALL_CXX_CDTORS = YES;
				GCC_OPTIMIZATION_LEVEL = 3;
				GCC_PRECOMPILE_PREFIX_HEADER = YES;
				GCC_PREPROCESSOR_DEFINITIONS = (
					"\"CHROMIUM_BUILD\"",
					"\"ENABLE_REMOTING=1\"",
					"\"ENABLE_P2P_APIS=1\"",
					"\"ENABLE_CONFIGURATION_POLICY\"",
					"\"ENABLE_GPU=1\"",
					"\"ENABLE_EGLIMAGE=1\"",
					"\"ENABLE_REGISTER_PROTOCOL_HANDLER=1\"",
					"\"WEBRTC_TARGET_MAC_INTEL\"",
					"\"WEBRTC_MAC_INTEL\"",
					"\"WEBRTC_MAC\"",
					"\"WEBRTC_THREAD_RR\"",
					"\"WEBRTC_CLOCK_TYPE_REALTIME\"",
					"\"WEBRTC_MODULE_UTILITY_VIDEO\"",
					"\"__STDC_FORMAT_MACROS\"",
					"\"NDEBUG\"",
					"\"NVALGRIND\"",
					"\"DYNAMIC_ANNOTATIONS_ENABLED=0\"",
				);
				GCC_SYMBOLS_PRIVATE_EXTERN = YES;
				GCC_THREADSAFE_STATICS = NO;
				GCC_TREAT_WARNINGS_AS_ERRORS = NO;
				GCC_VERSION = com.apple.compilers.llvmgcc42;
				GCC_WARN_ABOUT_MISSING_NEWLINE = YES;
				HEADER_SEARCH_PATHS = (
					../../..,
					../../../..,
					../interface,
					../../interface,
					../../utility/interface,
					../../audio_coding/main/interface,
					../../../system_wrappers/interface,
				);
				MACOSX_DEPLOYMENT_TARGET = 10.6;
				OTHER_CFLAGS = "-fno-strict-aliasing";
				PREBINDING = NO;
				PRODUCT_NAME = media_file;
				USE_HEADERMAP = NO;
				WARNING_CFLAGS = (
					"-Wall",
					"-Wendif-labels",
					"-Wextra",
					"-Wno-unused-parameter",
					"-Wno-missing-field-initializers",
				);
			};
			name = Release;
		};
		BA04A4FA4305A96842A76787 /* Debug */ = {
			isa = XCBuildConfiguration;
			buildSettings = {
				INTERMEDIATE_DIR = "$(PROJECT_DERIVED_FILE_DIR)/$(CONFIGURATION)";
				SDKROOT = macosx10.6;
				SHARED_INTERMEDIATE_DIR = "$(SYMROOT)/DerivedSources/$(CONFIGURATION)";
				SYMROOT = ../../../../xcodebuild;
			};
			name = Debug;
		};
/* End XCBuildConfiguration section */

/* Begin XCConfigurationList section */
		56775E8156B0C4AADDE6490C /* Build configuration list for PBXProject "media_file" */ = {
			isa = XCConfigurationList;
			buildConfigurations = (
				BA04A4FA4305A96842A76787 /* Debug */,
				56FEC924DE053CACD7E29E73 /* Release */,
			);
			defaultConfigurationIsVisible = 1;
			defaultConfigurationName = Debug;
		};
		E633AC43C789D2D4FF254313 /* Build configuration list for PBXNativeTarget "media_file" */ = {
			isa = XCConfigurationList;
			buildConfigurations = (
				5A3CC9F8C1B01E273C44E79F /* Debug */,
				93740D711242D3EB8EE99274 /* Release */,
			);
			defaultConfigurationIsVisible = 1;
			defaultConfigurationName = Debug;
		};
/* End XCConfigurationList section */
	};
	rootObject = 4870622D68F2D8EEC1B7C7A9 /* Project object */;
}
