<?xml version="1.0" encoding="utf-8"?><Project ToolsVersion="4.0" xmlns="http://schemas.microsoft.com/developer/msbuild/2003"><ItemGroup><Filter Include="jpeg"><UniqueIdentifier>{7F4B9123-E510-DC17-3BAB-055FBF0994F2}</UniqueIdentifier></Filter><Filter Include="jpeg\main"><UniqueIdentifier>{4ECC9921-7D4B-15DC-E268-546157B2659F}</UniqueIdentifier></Filter><Filter Include="jpeg\main\test"><UniqueIdentifier>{5763B17F-46DA-9ED7-179F-9C9F273B791C}</UniqueIdentifier></Filter></ItemGroup><ItemGroup><None Include="common_video.gyp"/><ClCompile Include="jpeg\main\test\test_jpeg.cc"><Filter>jpeg\main\test</Filter></ClCompile></ItemGroup></Project>